
Microsoft Visual Studio Solution File, Format Version 12.00
# Visual Studio Version 16
VisualStudioVersion = 16.0.29215.179
MinimumVisualStudioVersion = 10.0.40219.1
Project("{9A19103F-16F7-4668-BE54-9A1E7A4F7556}") = "BunBundleConsole", "BunBundleConsole\BunBundleConsole.csproj", "{69639F86-A25B-425D-9555-CC7587CA1873}"
EndProject
Project("{9A19103F-16F7-4668-BE54-9A1E7A4F7556}") = "BunBundle", "BunBundle\BunBundle.csproj", "{2CE86BDF-6965-4308-9A1C-794C9100CB77}"
EndProject
Project("{FAE04EC0-301F-11D3-BF4B-00C04F79EFBC}") = "BunBundle.Model", "BunBundle.Model\BunBundle.Model.csproj", "{DF25FEFB-5DCA-4390-AE7F-BD386953CB4A}"
EndProject
Global
	GlobalSection(SolutionConfigurationPlatforms) = preSolution
		Debug|Any CPU = Debug|Any CPU
		Release|Any CPU = Release|Any CPU
	EndGlobalSection
	GlobalSection(ProjectConfigurationPlatforms) = postSolution
		{69639F86-A25B-425D-9555-CC7587CA1873}.Debug|Any CPU.ActiveCfg = Debug|Any CPU
		{69639F86-A25B-425D-9555-CC7587CA1873}.Debug|Any CPU.Build.0 = Debug|Any CPU
		{69639F86-A25B-425D-9555-CC7587CA1873}.Release|Any CPU.ActiveCfg = Release|Any CPU
		{69639F86-A25B-425D-9555-CC7587CA1873}.Release|Any CPU.Build.0 = Release|Any CPU
		{2CE86BDF-6965-4308-9A1C-794C9100CB77}.Debug|Any CPU.ActiveCfg = Debug|Any CPU
		{2CE86BDF-6965-4308-9A1C-794C9100CB77}.Debug|Any CPU.Build.0 = Debug|Any CPU
		{2CE86BDF-6965-4308-9A1C-794C9100CB77}.Release|Any CPU.ActiveCfg = Release|Any CPU
		{2CE86BDF-6965-4308-9A1C-794C9100CB77}.Release|Any CPU.Build.0 = Release|Any CPU
		{DF25FEFB-5DCA-4390-AE7F-BD386953CB4A}.Debug|Any CPU.ActiveCfg = Debug|Any CPU
		{DF25FEFB-5DCA-4390-AE7F-BD386953CB4A}.Debug|Any CPU.Build.0 = Debug|Any CPU
		{DF25FEFB-5DCA-4390-AE7F-BD386953CB4A}.Release|Any CPU.ActiveCfg = Release|Any CPU
		{DF25FEFB-5DCA-4390-AE7F-BD386953CB4A}.Release|Any CPU.Build.0 = Release|Any CPU
	EndGlobalSection
	GlobalSection(SolutionProperties) = preSolution
		HideSolutionNode = FALSE
	EndGlobalSection
	GlobalSection(ExtensibilityGlobals) = postSolution
		SolutionGuid = {AC93EBB5-F572-4B00-961A-51813DF14EBE}
	EndGlobalSection
EndGlobal
